// !$*UTF8*$!
{
	archiveVersion = 1;
	classes = {
	};
	objectVersion = 50;
	objects = {

/* Begin PBXBuildFile section */
		1036CC2C2582970E008FB63B /* AppDelegate.swift in Sources */ = {isa = PBXBuildFile; fileRef = 1036CC2B2582970E008FB63B /* AppDelegate.swift */; };
		1036CC2E2582970E008FB63B /* SceneDelegate.swift in Sources */ = {isa = PBXBuildFile; fileRef = 1036CC2D2582970E008FB63B /* SceneDelegate.swift */; };
		1036CC302582970E008FB63B /* ViewController.swift in Sources */ = {isa = PBXBuildFile; fileRef = 1036CC2F2582970E008FB63B /* ViewController.swift */; };
		1036CC332582970E008FB63B /* Main.storyboard in Resources */ = {isa = PBXBuildFile; fileRef = 1036CC312582970E008FB63B /* Main.storyboard */; };
		1036CC352582970F008FB63B /* Assets.xcassets in Resources */ = {isa = PBXBuildFile; fileRef = 1036CC342582970F008FB63B /* Assets.xcassets */; };
		1036CC382582970F008FB63B /* LaunchScreen.storyboard in Resources */ = {isa = PBXBuildFile; fileRef = 1036CC362582970F008FB63B /* LaunchScreen.storyboard */; };
		1036CC4E25829843008FB63B /* E.wav in Resources */ = {isa = PBXBuildFile; fileRef = 1036CC4725829842008FB63B /* E.wav */; };
		1036CC4F25829843008FB63B /* F.wav in Resources */ = {isa = PBXBuildFile; fileRef = 1036CC4825829842008FB63B /* F.wav */; };
		1036CC5025829843008FB63B /* C.wav in Resources */ = {isa = PBXBuildFile; fileRef = 1036CC4925829843008FB63B /* C.wav */; };
		1036CC5125829843008FB63B /* B.wav in Resources */ = {isa = PBXBuildFile; fileRef = 1036CC4A25829843008FB63B /* B.wav */; };
		1036CC5225829843008FB63B /* D.wav in Resources */ = {isa = PBXBuildFile; fileRef = 1036CC4B25829843008FB63B /* D.wav */; };
		1036CC5325829843008FB63B /* G.wav in Resources */ = {isa = PBXBuildFile; fileRef = 1036CC4C25829843008FB63B /* G.wav */; };
		1036CC5425829843008FB63B /* A.wav in Resources */ = {isa = PBXBuildFile; fileRef = 1036CC4D25829843008FB63B /* A.wav */; };
/* End PBXBuildFile section */

/* Begin PBXFileReference section */
		1036CC282582970E008FB63B /* Xylophone.app */ = {isa = PBXFileReference; explicitFileType = wrapper.application; includeInIndex = 0; path = Xylophone.app; sourceTree = BUILT_PRODUCTS_DIR; };
		1036CC2B2582970E008FB63B /* AppDelegate.swift */ = {isa = PBXFileReference; lastKnownFileType = sourcecode.swift; path = AppDelegate.swift; sourceTree = "<group>"; };
		1036CC2D2582970E008FB63B /* SceneDelegate.swift */ = {isa = PBXFileReference; lastKnownFileType = sourcecode.swift; path = SceneDelegate.swift; sourceTree = "<group>"; };
		1036CC2F2582970E008FB63B /* ViewController.swift */ = {isa = PBXFileReference; lastKnownFileType = sourcecode.swift; path = ViewController.swift; sourceTree = "<group>"; };
		1036CC322582970E008FB63B /* Base */ = {isa = PBXFileReference; lastKnownFileType = file.storyboard; name = Base; path = Base.lproj/Main.storyboard; sourceTree = "<group>"; };
		1036CC342582970F008FB63B /* Assets.xcassets */ = {isa = PBXFileReference; lastKnownFileType = folder.assetcatalog; path = Assets.xcassets; sourceTree = "<group>"; };
		1036CC372582970F008FB63B /* Base */ = {isa = PBXFileReference; lastKnownFileType = file.storyboard; name = Base; path = Base.lproj/LaunchScreen.storyboard; sourceTree = "<group>"; };
		1036CC392582970F008FB63B /* Info.plist */ = {isa = PBXFileReference; lastKnownFileType = text.plist.xml; path = Info.plist; sourceTree = "<group>"; };
		1036CC4725829842008FB63B /* E.wav */ = {isa = PBXFileReference; lastKnownFileType = audio.wav; path = E.wav; sourceTree = "<group>"; };
		1036CC4825829842008FB63B /* F.wav */ = {isa = PBXFileReference; lastKnownFileType = audio.wav; path = F.wav; sourceTree = "<group>"; };
		1036CC4925829843008FB63B /* C.wav */ = {isa = PBXFileReference; lastKnownFileType = audio.wav; path = C.wav; sourceTree = "<group>"; };
		1036CC4A25829843008FB63B /* B.wav */ = {isa = PBXFileReference; lastKnownFileType = audio.wav; path = B.wav; sourceTree = "<group>"; };
		1036CC4B25829843008FB63B /* D.wav */ = {isa = PBXFileReference; lastKnownFileType = audio.wav; path = D.wav; sourceTree = "<group>"; };
		1036CC4C25829843008FB63B /* G.wav */ = {isa = PBXFileReference; lastKnownFileType = audio.wav; path = G.wav; sourceTree = "<group>"; };
		1036CC4D25829843008FB63B /* A.wav */ = {isa = PBXFileReference; lastKnownFileType = audio.wav; path = A.wav; sourceTree = "<group>"; };
/* End PBXFileReference section */

/* Begin PBXFrameworksBuildPhase section */
		1036CC252582970E008FB63B /* Frameworks */ = {
			isa = PBXFrameworksBuildPhase;
			buildActionMask = 2147483647;
			files = (
			);
			runOnlyForDeploymentPostprocessing = 0;
		};
/* End PBXFrameworksBuildPhase section */

/* Begin PBXGroup section */
		1036CC1F2582970E008FB63B = {
			isa = PBXGroup;
			children = (
				1036CC2A2582970E008FB63B /* Xylophone */,
				1036CC292582970E008FB63B /* Products */,
			);
			sourceTree = "<group>";
		};
		1036CC292582970E008FB63B /* Products */ = {
			isa = PBXGroup;
			children = (
				1036CC282582970E008FB63B /* Xylophone.app */,
			);
			name = Products;
			sourceTree = "<group>";
		};
		1036CC2A2582970E008FB63B /* Xylophone */ = {
			isa = PBXGroup;
			children = (
				1036CC2B2582970E008FB63B /* AppDelegate.swift */,
				1036CC2D2582970E008FB63B /* SceneDelegate.swift */,
				1036CC2F2582970E008FB63B /* ViewController.swift */,
				1036CC312582970E008FB63B /* Main.storyboard */,
				1036CC342582970F008FB63B /* Assets.xcassets */,
				1036CC362582970F008FB63B /* LaunchScreen.storyboard */,
				1036CC392582970F008FB63B /* Info.plist */,
				1036CC572582985B008FB63B /* Sounds */,
			);
			path = Xylophone;
			sourceTree = "<group>";
		};
		1036CC572582985B008FB63B /* Sounds */ = {
			isa = PBXGroup;
			children = (
				1036CC4D25829843008FB63B /* A.wav */,
				1036CC4A25829843008FB63B /* B.wav */,
				1036CC4925829843008FB63B /* C.wav */,
				1036CC4B25829843008FB63B /* D.wav */,
				1036CC4725829842008FB63B /* E.wav */,
				1036CC4825829842008FB63B /* F.wav */,
				1036CC4C25829843008FB63B /* G.wav */,
			);
			path = Sounds;
			sourceTree = "<group>";
		};
/* End PBXGroup section */

/* Begin PBXNativeTarget section */
		1036CC272582970E008FB63B /* Xylophone */ = {
			isa = PBXNativeTarget;
			buildConfigurationList = 1036CC3C2582970F008FB63B /* Build configuration list for PBXNativeTarget "Xylophone" */;
			buildPhases = (
				1036CC242582970E008FB63B /* Sources */,
				1036CC252582970E008FB63B /* Frameworks */,
				1036CC262582970E008FB63B /* Resources */,
			);
			buildRules = (
			);
			dependencies = (
			);
			name = Xylophone;
			productName = Xylophone;
			productReference = 1036CC282582970E008FB63B /* Xylophone.app */;
			productType = "com.apple.product-type.application";
		};
/* End PBXNativeTarget section */

/* Begin PBXProject section */
		1036CC202582970E008FB63B /* Project object */ = {
			isa = PBXProject;
			attributes = {
				LastSwiftUpdateCheck = 1200;
				LastUpgradeCheck = 1200;
				TargetAttributes = {
					1036CC272582970E008FB63B = {
						CreatedOnToolsVersion = 12.0.1;
					};
				};
			};
			buildConfigurationList = 1036CC232582970E008FB63B /* Build configuration list for PBXProject "Xylophone" */;
			compatibilityVersion = "Xcode 9.3";
			developmentRegion = en;
			hasScannedForEncodings = 0;
			knownRegions = (
				en,
				Base,
			);
			mainGroup = 1036CC1F2582970E008FB63B;
			productRefGroup = 1036CC292582970E008FB63B /* Products */;
			projectDirPath = "";
			projectRoot = "";
			targets = (
				1036CC272582970E008FB63B /* Xylophone */,
			);
		};
/* End PBXProject section */

/* Begin PBXResourcesBuildPhase section */
		1036CC262582970E008FB63B /* Resources */ = {
			isa = PBXResourcesBuildPhase;
			buildActionMask = 2147483647;
			files = (
				1036CC5425829843008FB63B /* A.wav in Resources */,
				1036CC5225829843008FB63B /* D.wav in Resources */,
				1036CC4E25829843008FB63B /* E.wav in Resources */,
				1036CC382582970F008FB63B /* LaunchScreen.storyboard in Resources */,
				1036CC352582970F008FB63B /* Assets.xcassets in Resources */,
				1036CC5125829843008FB63B /* B.wav in Resources */,
				1036CC4F25829843008FB63B /* F.wav in Resources */,
				1036CC5325829843008FB63B /* G.wav in Resources */,
				1036CC332582970E008FB63B /* Main.storyboard in Resources */,
				1036CC5025829843008FB63B /* C.wav in Resources */,
			);
			runOnlyForDeploymentPostprocessing = 0;
		};
/* End PBXResourcesBuildPhase section */

/* Begin PBXSourcesBuildPhase section */
		1036CC242582970E008FB63B /* Sources */ = {
			isa = PBXSourcesBuildPhase;
			buildActionMask = 2147483647;
			files = (
				1036CC302582970E008FB63B /* ViewController.swift in Sources */,
				1036CC2C2582970E008FB63B /* AppDelegate.swift in Sources */,
				1036CC2E2582970E008FB63B /* SceneDelegate.swift in Sources */,
			);
			runOnlyForDeploymentPostprocessing = 0;
		};
/* End PBXSourcesBuildPhase section */

/* Begin PBXVariantGroup section */
		1036CC312582970E008FB63B /* Main.storyboard */ = {
			isa = PBXVariantGroup;
			children = (
				1036CC322582970E008FB63B /* Base */,
			);
			name = Main.storyboard;
			sourceTree = "<group>";
		};
		1036CC362582970F008FB63B /* LaunchScreen.storyboard */ = {
			isa = PBXVariantGroup;
			children = (
				1036CC372582970F008FB63B /* Base */,
			);
			name = LaunchScreen.storyboard;
			sourceTree = "<group>";
		};
/* End PBXVariantGroup section */

/* Begin XCBuildConfiguration section */
		1036CC3A2582970F008FB63B /* Debug */ = {
			isa = XCBuildConfiguration;
			buildSettings = {
				ALWAYS_SEARCH_USER_PATHS = NO;
				CLANG_ANALYZER_NONNULL = YES;
				CLANG_ANALYZER_NUMBER_OBJECT_CONVERSION = YES_AGGRESSIVE;
				CLANG_CXX_LANGUAGE_STANDARD = "gnu++14";
				CLANG_CXX_LIBRARY = "libc++";
				CLANG_ENABLE_MODULES = YES;
				CLANG_ENABLE_OBJC_ARC = YES;
				CLANG_ENABLE_OBJC_WEAK = YES;
				CLANG_WARN_BLOCK_CAPTURE_AUTORELEASING = YES;
				CLANG_WARN_BOOL_CONVERSION = YES;
				CLANG_WARN_COMMA = YES;
				CLANG_WARN_CONSTANT_CONVERSION = YES;
				CLANG_WARN_DEPRECATED_OBJC_IMPLEMENTATIONS = YES;
				CLANG_WARN_DIRECT_OBJC_ISA_USAGE = YES_ERROR;
				CLANG_WARN_DOCUMENTATION_COMMENTS = YES;
				CLANG_WARN_EMPTY_BODY = YES;
				CLANG_WARN_ENUM_CONVERSION = YES;
				CLANG_WARN_INFINITE_RECURSION = YES;
				CLANG_WARN_INT_CONVERSION = YES;
				CLANG_WARN_NON_LITERAL_NULL_CONVERSION = YES;
				CLANG_WARN_OBJC_IMPLICIT_RETAIN_SELF = YES;
				CLANG_WARN_OBJC_LITERAL_CONVERSION = YES;
				CLANG_WARN_OBJC_ROOT_CLASS = YES_ERROR;
				CLANG_WARN_QUOTED_INCLUDE_IN_FRAMEWORK_HEADER = YES;
				CLANG_WARN_RANGE_LOOP_ANALYSIS = YES;
				CLANG_WARN_STRICT_PROTOTYPES = YES;
				CLANG_WARN_SUSPICIOUS_MOVE = YES;
				CLANG_WARN_UNGUARDED_AVAILABILITY = YES_AGGRESSIVE;
				CLANG_WARN_UNREACHABLE_CODE = YES;
				CLANG_WARN__DUPLICATE_METHOD_MATCH = YES;
				COPY_PHASE_STRIP = NO;
				DEBUG_INFORMATION_FORMAT = dwarf;
				ENABLE_STRICT_OBJC_MSGSEND = YES;
				ENABLE_TESTABILITY = YES;
				GCC_C_LANGUAGE_STANDARD = gnu11;
				GCC_DYNAMIC_NO_PIC = NO;
				GCC_NO_COMMON_BLOCKS = YES;
				GCC_OPTIMIZATION_LEVEL = 0;
				GCC_PREPROCESSOR_DEFINITIONS = (
					"DEBUG=1",
					"$(inherited)",
				);
				GCC_WARN_64_TO_32_BIT_CONVERSION = YES;
				GCC_WARN_ABOUT_RETURN_TYPE = YES_ERROR;
				GCC_WARN_UNDECLARED_SELECTOR = YES;
				GCC_WARN_UNINITIALIZED_AUTOS = YES_AGGRESSIVE;
				GCC_WARN_UNUSED_FUNCTION = YES;
				GCC_WARN_UNUSED_VARIABLE = YES;
				IPHONEOS_DEPLOYMENT_TARGET = 14.0;
				MTL_ENABLE_DEBUG_INFO = INCLUDE_SOURCE;
				MTL_FAST_MATH = YES;
				ONLY_ACTIVE_ARCH = YES;
				SDKROOT = iphoneos;
				SWIFT_ACTIVE_COMPILATION_CONDITIONS = DEBUG;
				SWIFT_OPTIMIZATION_LEVEL = "-Onone";
			};
			name = Debug;
		};
		1036CC3B2582970F008FB63B /* Release */ = {
			isa = XCBuildConfiguration;
			buildSettings = {
				ALWAYS_SEARCH_USER_PATHS = NO;
				CLANG_ANALYZER_NONNULL = YES;
				CLANG_ANALYZER_NUMBER_OBJECT_CONVERSION = YES_AGGRESSIVE;
				CLANG_CXX_LANGUAGE_STANDARD = "gnu++14";
				CLANG_CXX_LIBRARY = "libc++";
				CLANG_ENABLE_MODULES = YES;
				CLANG_ENABLE_OBJC_ARC = YES;
				CLANG_ENABLE_OBJC_WEAK = YES;
				CLANG_WARN_BLOCK_CAPTURE_AUTORELEASING = YES;
				CLANG_WARN_BOOL_CONVERSION = YES;
				CLANG_WARN_COMMA = YES;
				CLANG_WARN_CONSTANT_CONVERSION = YES;
				CLANG_WARN_DEPRECATED_OBJC_IMPLEMENTATIONS = YES;
				CLANG_WARN_DIRECT_OBJC_ISA_USAGE = YES_ERROR;
				CLANG_WARN_DOCUMENTATION_COMMENTS = YES;
				CLANG_WARN_EMPTY_BODY = YES;
				CLANG_WARN_ENUM_CONVERSION = YES;
				CLANG_WARN_INFINITE_RECURSION = YES;
				CLANG_WARN_INT_CONVERSION = YES;
				CLANG_WARN_NON_LITERAL_NULL_CONVERSION = YES;
				CLANG_WARN_OBJC_IMPLICIT_RETAIN_SELF = YES;
				CLANG_WARN_OBJC_LITERAL_CONVERSION = YES;
				CLANG_WARN_OBJC_ROOT_CLASS = YES_ERROR;
				CLANG_WARN_QUOTED_INCLUDE_IN_FRAMEWORK_HEADER = YES;
				CLANG_WARN_RANGE_LOOP_ANALYSIS = YES;
				CLANG_WARN_STRICT_PROTOTYPES = YES;
				CLANG_WARN_SUSPICIOUS_MOVE = YES;
				CLANG_WARN_UNGUARDED_AVAILABILITY = YES_AGGRESSIVE;
				CLANG_WARN_UNREACHABLE_CODE = YES;
				CLANG_WARN__DUPLICATE_METHOD_MATCH = YES;
				COPY_PHASE_STRIP = NO;
				DEBUG_INFORMATION_FORMAT = "dwarf-with-dsym";
				ENABLE_NS_ASSERTIONS = NO;
				ENABLE_STRICT_OBJC_MSGSEND = YES;
				GCC_C_LANGUAGE_STANDARD = gnu11;
				GCC_NO_COMMON_BLOCKS = YES;
				GCC_WARN_64_TO_32_BIT_CONVERSION = YES;
				GCC_WARN_ABOUT_RETURN_TYPE = YES_ERROR;
				GCC_WARN_UNDECLARED_SELECTOR = YES;
				GCC_WARN_UNINITIALIZED_AUTOS = YES_AGGRESSIVE;
				GCC_WARN_UNUSED_FUNCTION = YES;
				GCC_WARN_UNUSED_VARIABLE = YES;
				IPHONEOS_DEPLOYMENT_TARGET = 14.0;
				MTL_ENABLE_DEBUG_INFO = NO;
				MTL_FAST_MATH = YES;
				SDKROOT = iphoneos;
				SWIFT_COMPILATION_MODE = wholemodule;
				SWIFT_OPTIMIZATION_LEVEL = "-O";
				VALIDATE_PRODUCT = YES;
			};
			name = Release;
		};
		1036CC3D2582970F008FB63B /* Debug */ = {
			isa = XCBuildConfiguration;
			buildSettings = {
				ASSETCATALOG_COMPILER_APPICON_NAME = AppIcon;
				ASSETCATALOG_COMPILER_GLOBAL_ACCENT_COLOR_NAME = AccentColor;
				CODE_SIGN_STYLE = Automatic;
				DEVELOPMENT_TEAM = 5W5HYDSXPX;
				INFOPLIST_FILE = Xylophone/Info.plist;
				IPHONEOS_DEPLOYMENT_TARGET = 13.0;
				LD_RUNPATH_SEARCH_PATHS = (
					"$(inherited)",
					"@executable_path/Frameworks",
				);
				PRODUCT_BUNDLE_IDENTIFIER = com.Dayton.Xylophone;
				PRODUCT_NAME = "$(TARGET_NAME)";
				SWIFT_VERSION = 5.0;
				TARGETED_DEVICE_FAMILY = 1;
			};
			name = Debug;
		};
		1036CC3E2582970F008FB63B /* Release */ = {
			isa = XCBuildConfiguration;
			buildSettings = {
				ASSETCATALOG_COMPILER_APPICON_NAME = AppIcon;
				ASSETCATALOG_COMPILER_GLOBAL_ACCENT_COLOR_NAME = AccentColor;
				CODE_SIGN_STYLE = Automatic;
				DEVELOPMENT_TEAM = 5W5HYDSXPX;
				INFOPLIST_FILE = Xylophone/Info.plist;
				IPHONEOS_DEPLOYMENT_TARGET = 13.0;
				LD_RUNPATH_SEARCH_PATHS = (
					"$(inherited)",
					"@executable_path/Frameworks",
				);
				PRODUCT_BUNDLE_IDENTIFIER = com.Dayton.Xylophone;
				PRODUCT_NAME = "$(TARGET_NAME)";
				SWIFT_VERSION = 5.0;
				TARGETED_DEVICE_FAMILY = 1;
			};
			name = Release;
		};
/* End XCBuildConfiguration section */

/* Begin XCConfigurationList section */
		1036CC232582970E008FB63B /* Build configuration list for PBXProject "Xylophone" */ = {
			isa = XCConfigurationList;
			buildConfigurations = (
				1036CC3A2582970F008FB63B /* Debug */,
				1036CC3B2582970F008FB63B /* Release */,
			);
			defaultConfigurationIsVisible = 0;
			defaultConfigurationName = Release;
		};
		1036CC3C2582970F008FB63B /* Build configuration list for PBXNativeTarget "Xylophone" */ = {
			isa = XCConfigurationList;
			buildConfigurations = (
				1036CC3D2582970F008FB63B /* Debug */,
				1036CC3E2582970F008FB63B /* Release */,
			);
			defaultConfigurationIsVisible = 0;
			defaultConfigurationName = Release;
		};
/* End XCConfigurationList section */
	};
	rootObject = 1036CC202582970E008FB63B /* Project object */;
}
